// !$*UTF8*$!
{
	archiveVersion = 1;
	classes = {
	};
	objectVersion = 46;
	objects = {

/* Begin PBXBuildFile section */
		9EDD37C915D0E683001E622D /* UIKit.framework in Frameworks */ = {isa = PBXBuildFile; fileRef = 9EDD37C815D0E683001E622D /* UIKit.framework */; };
		9EDD37CB15D0E683001E622D /* Foundation.framework in Frameworks */ = {isa = PBXBuildFile; fileRef = 9EDD37CA15D0E683001E622D /* Foundation.framework */; };
		9EDD37CD15D0E683001E622D /* CoreGraphics.framework in Frameworks */ = {isa = PBXBuildFile; fileRef = 9EDD37CC15D0E683001E622D /* CoreGraphics.framework */; };
		9EDD37D315D0E683001E622D /* InfoPlist.strings in Resources */ = {isa = PBXBuildFile; fileRef = 9EDD37D115D0E683001E622D /* InfoPlist.strings */; };
		9EDD37D515D0E683001E622D /* main.m in Sources */ = {isa = PBXBuildFile; fileRef = 9EDD37D415D0E683001E622D /* main.m */; };
		9EDD37D915D0E683001E622D /* WI2AppDelegate.m in Sources */ = {isa = PBXBuildFile; fileRef = 9EDD37D815D0E683001E622D /* WI2AppDelegate.m */; };
		9EDD37DC15D0E683001E622D /* MainStoryboard.storyboard in Resources */ = {isa = PBXBuildFile; fileRef = 9EDD37DA15D0E683001E622D /* MainStoryboard.storyboard */; };
		9EDD37DF15D0E683001E622D /* WI2MasterViewController.m in Sources */ = {isa = PBXBuildFile; fileRef = 9EDD37DE15D0E683001E622D /* WI2MasterViewController.m */; };
		9EDD37E215D0E683001E622D /* WI2DetailViewController.m in Sources */ = {isa = PBXBuildFile; fileRef = 9EDD37E115D0E683001E622D /* WI2DetailViewController.m */; };
/* End PBXBuildFile section */

/* Begin PBXFileReference section */
		9EDD37C415D0E683001E622D /* WI2.app */ = {isa = PBXFileReference; explicitFileType = wrapper.application; includeInIndex = 0; path = WI2.app; sourceTree = BUILT_PRODUCTS_DIR; };
		9EDD37C815D0E683001E622D /* UIKit.framework */ = {isa = PBXFileReference; lastKnownFileType = wrapper.framework; name = UIKit.framework; path = System/Library/Frameworks/UIKit.framework; sourceTree = SDKROOT; };
		9EDD37CA15D0E683001E622D /* Foundation.framework */ = {isa = PBXFileReference; lastKnownFileType = wrapper.framework; name = Foundation.framework; path = System/Library/Frameworks/Foundation.framework; sourceTree = SDKROOT; };
		9EDD37CC15D0E683001E622D /* CoreGraphics.framework */ = {isa = PBXFileReference; lastKnownFileType = wrapper.framework; name = CoreGraphics.framework; path = System/Library/Frameworks/CoreGraphics.framework; sourceTree = SDKROOT; };
		9EDD37D015D0E683001E622D /* WI2-Info.plist */ = {isa = PBXFileReference; lastKnownFileType = text.plist.xml; path = "WI2-Info.plist"; sourceTree = "<group>"; };
		9EDD37D215D0E683001E622D /* en */ = {isa = PBXFileReference; lastKnownFileType = text.plist.strings; name = en; path = en.lproj/InfoPlist.strings; sourceTree = "<group>"; };
		9EDD37D415D0E683001E622D /* main.m */ = {isa = PBXFileReference; lastKnownFileType = sourcecode.c.objc; path = main.m; sourceTree = "<group>"; };
		9EDD37D615D0E683001E622D /* WI2-Prefix.pch */ = {isa = PBXFileReference; lastKnownFileType = sourcecode.c.h; path = "WI2-Prefix.pch"; sourceTree = "<group>"; };
		9EDD37D715D0E683001E622D /* WI2AppDelegate.h */ = {isa = PBXFileReference; lastKnownFileType = sourcecode.c.h; path = WI2AppDelegate.h; sourceTree = "<group>"; };
		9EDD37D815D0E683001E622D /* WI2AppDelegate.m */ = {isa = PBXFileReference; lastKnownFileType = sourcecode.c.objc; path = WI2AppDelegate.m; sourceTree = "<group>"; };
		9EDD37DB15D0E683001E622D /* en */ = {isa = PBXFileReference; lastKnownFileType = file.storyboard; name = en; path = en.lproj/MainStoryboard.storyboard; sourceTree = "<group>"; };
		9EDD37DD15D0E683001E622D /* WI2MasterViewController.h */ = {isa = PBXFileReference; lastKnownFileType = sourcecode.c.h; path = WI2MasterViewController.h; sourceTree = "<group>"; };
		9EDD37DE15D0E683001E622D /* WI2MasterViewController.m */ = {isa = PBXFileReference; lastKnownFileType = sourcecode.c.objc; path = WI2MasterViewController.m; sourceTree = "<group>"; };
		9EDD37E015D0E683001E622D /* WI2DetailViewController.h */ = {isa = PBXFileReference; lastKnownFileType = sourcecode.c.h; path = WI2DetailViewController.h; sourceTree = "<group>"; };
		9EDD37E115D0E683001E622D /* WI2DetailViewController.m */ = {isa = PBXFileReference; lastKnownFileType = sourcecode.c.objc; path = WI2DetailViewController.m; sourceTree = "<group>"; };
/* End PBXFileReference section */

/* Begin PBXFrameworksBuildPhase section */
		9EDD37C115D0E683001E622D /* Frameworks */ = {
			isa = PBXFrameworksBuildPhase;
			buildActionMask = 2147483647;
			files = (
				9EDD37C915D0E683001E622D /* UIKit.framework in Frameworks */,
				9EDD37CB15D0E683001E622D /* Foundation.framework in Frameworks */,
				9EDD37CD15D0E683001E622D /* CoreGraphics.framework in Frameworks */,
			);
			runOnlyForDeploymentPostprocessing = 0;
		};
/* End PBXFrameworksBuildPhase section */

/* Begin PBXGroup section */
		9EDD37B915D0E683001E622D = {
			isa = PBXGroup;
			children = (
				9EDD37CE15D0E683001E622D /* WI2 */,
				9EDD37C715D0E683001E622D /* Frameworks */,
				9EDD37C515D0E683001E622D /* Products */,
			);
			sourceTree = "<group>";
		};
		9EDD37C515D0E683001E622D /* Products */ = {
			isa = PBXGroup;
			children = (
				9EDD37C415D0E683001E622D /* WI2.app */,
			);
			name = Products;
			sourceTree = "<group>";
		};
		9EDD37C715D0E683001E622D /* Frameworks */ = {
			isa = PBXGroup;
			children = (
				9EDD37C815D0E683001E622D /* UIKit.framework */,
				9EDD37CA15D0E683001E622D /* Foundation.framework */,
				9EDD37CC15D0E683001E622D /* CoreGraphics.framework */,
			);
			name = Frameworks;
			sourceTree = "<group>";
		};
		9EDD37CE15D0E683001E622D /* WI2 */ = {
			isa = PBXGroup;
			children = (
				9EDD37D715D0E683001E622D /* WI2AppDelegate.h */,
				9EDD37D815D0E683001E622D /* WI2AppDelegate.m */,
				9EDD37DA15D0E683001E622D /* MainStoryboard.storyboard */,
				9EDD37DD15D0E683001E622D /* WI2MasterViewController.h */,
				9EDD37DE15D0E683001E622D /* WI2MasterViewController.m */,
				9EDD37E015D0E683001E622D /* WI2DetailViewController.h */,
				9EDD37E115D0E683001E622D /* WI2DetailViewController.m */,
				9EDD37CF15D0E683001E622D /* Supporting Files */,
			);
			path = WI2;
			sourceTree = "<group>";
		};
		9EDD37CF15D0E683001E622D /* Supporting Files */ = {
			isa = PBXGroup;
			children = (
				9EDD37D015D0E683001E622D /* WI2-Info.plist */,
				9EDD37D115D0E683001E622D /* InfoPlist.strings */,
				9EDD37D415D0E683001E622D /* main.m */,
				9EDD37D615D0E683001E622D /* WI2-Prefix.pch */,
			);
			name = "Supporting Files";
			sourceTree = "<group>";
		};
/* End PBXGroup section */

/* Begin PBXNativeTarget section */
		9EDD37C315D0E683001E622D /* WI2 */ = {
			isa = PBXNativeTarget;
			buildConfigurationList = 9EDD37E515D0E683001E622D /* Build configuration list for PBXNativeTarget "WI2" */;
			buildPhases = (
				9EDD37C015D0E683001E622D /* Sources */,
				9EDD37C115D0E683001E622D /* Frameworks */,
				9EDD37C215D0E683001E622D /* Resources */,
			);
			buildRules = (
			);
			dependencies = (
			);
			name = WI2;
			productName = WI2;
			productReference = 9EDD37C415D0E683001E622D /* WI2.app */;
			productType = "com.apple.product-type.application";
		};
/* End PBXNativeTarget section */

/* Begin PBXProject section */
		9EDD37BB15D0E683001E622D /* Project object */ = {
			isa = PBXProject;
			attributes = {
				CLASSPREFIX = WI2;
				LastUpgradeCheck = 0440;
				ORGANIZATIONNAME = "小野 元春";
			};
			buildConfigurationList = 9EDD37BE15D0E683001E622D /* Build configuration list for PBXProject "WI2" */;
			compatibilityVersion = "Xcode 3.2";
			developmentRegion = English;
			hasScannedForEncodings = 0;
			knownRegions = (
				en,
			);
			mainGroup = 9EDD37B915D0E683001E622D;
			productRefGroup = 9EDD37C515D0E683001E622D /* Products */;
			projectDirPath = "";
			projectRoot = "";
			targets = (
				9EDD37C315D0E683001E622D /* WI2 */,
			);
		};
/* End PBXProject section */

/* Begin PBXResourcesBuildPhase section */
		9EDD37C215D0E683001E622D /* Resources */ = {
			isa = PBXResourcesBuildPhase;
			buildActionMask = 2147483647;
			files = (
				9EDD37D315D0E683001E622D /* InfoPlist.strings in Resources */,
				9EDD37DC15D0E683001E622D /* MainStoryboard.storyboard in Resources */,
			);
			runOnlyForDeploymentPostprocessing = 0;
		};
/* End PBXResourcesBuildPhase section */

/* Begin PBXSourcesBuildPhase section */
		9EDD37C015D0E683001E622D /* Sources */ = {
			isa = PBXSourcesBuildPhase;
			buildActionMask = 2147483647;
			files = (
				9EDD37D515D0E683001E622D /* main.m in Sources */,
				9EDD37D915D0E683001E622D /* WI2AppDelegate.m in Sources */,
				9EDD37DF15D0E683001E622D /* WI2MasterViewController.m in Sources */,
				9EDD37E215D0E683001E622D /* WI2DetailViewController.m in Sources */,
			);
			runOnlyForDeploymentPostprocessing = 0;
		};
/* End PBXSourcesBuildPhase section */

/* Begin PBXVariantGroup section */
		9EDD37D115D0E683001E622D /* InfoPlist.strings */ = {
			isa = PBXVariantGroup;
			children = (
				9EDD37D215D0E683001E622D /* en */,
			);
			name = InfoPlist.strings;
			sourceTree = "<group>";
		};
		9EDD37DA15D0E683001E622D /* MainStoryboard.storyboard */ = {
			isa = PBXVariantGroup;
			children = (
				9EDD37DB15D0E683001E622D /* en */,
			);
			name = MainStoryboard.storyboard;
			sourceTree = "<group>";
		};
/* End PBXVariantGroup section */

/* Begin XCBuildConfiguration section */
		9EDD37E315D0E683001E622D /* Debug */ = {
			isa = XCBuildConfiguration;
			buildSettings = {
				ALWAYS_SEARCH_USER_PATHS = NO;
				ARCHS = "$(ARCHS_STANDARD_32_BIT)";
				CLANG_CXX_LANGUAGE_STANDARD = "gnu++0x";
				CLANG_ENABLE_OBJC_ARC = YES;
				CLANG_WARN__DUPLICATE_METHOD_MATCH = YES;
				"CODE_SIGN_IDENTITY[sdk=iphoneos*]" = "iPhone Developer";
				COPY_PHASE_STRIP = NO;
				GCC_C_LANGUAGE_STANDARD = gnu99;
				GCC_DYNAMIC_NO_PIC = NO;
				GCC_OPTIMIZATION_LEVEL = 0;
				GCC_PREPROCESSOR_DEFINITIONS = (
					"DEBUG=1",
					"$(inherited)",
				);
				GCC_SYMBOLS_PRIVATE_EXTERN = NO;
				GCC_VERSION = com.apple.compilers.llvm.clang.1_0;
				GCC_WARN_ABOUT_RETURN_TYPE = YES;
				GCC_WARN_UNINITIALIZED_AUTOS = YES;
				GCC_WARN_UNUSED_VARIABLE = YES;
				IPHONEOS_DEPLOYMENT_TARGET = 5.1;
				SDKROOT = iphoneos;
			};
			name = Debug;
		};
		9EDD37E415D0E683001E622D /* Release */ = {
			isa = XCBuildConfiguration;
			buildSettings = {
				ALWAYS_SEARCH_USER_PATHS = NO;
				ARCHS = "$(ARCHS_STANDARD_32_BIT)";
				CLANG_CXX_LANGUAGE_STANDARD = "gnu++0x";
				CLANG_ENABLE_OBJC_ARC = YES;
				CLANG_WARN__DUPLICATE_METHOD_MATCH = YES;
				"CODE_SIGN_IDENTITY[sdk=iphoneos*]" = "iPhone Developer";
				COPY_PHASE_STRIP = YES;
				GCC_C_LANGUAGE_STANDARD = gnu99;
				GCC_VERSION = com.apple.compilers.llvm.clang.1_0;
				GCC_WARN_ABOUT_RETURN_TYPE = YES;
				GCC_WARN_UNINITIALIZED_AUTOS = YES;
				GCC_WARN_UNUSED_VARIABLE = YES;
				IPHONEOS_DEPLOYMENT_TARGET = 5.1;
				OTHER_CFLAGS = "-DNS_BLOCK_ASSERTIONS=1";
				SDKROOT = iphoneos;
				VALIDATE_PRODUCT = YES;
			};
			name = Release;
		};
		9EDD37E615D0E683001E622D /* Debug */ = {
			isa = XCBuildConfiguration;
			buildSettings = {
				GCC_PRECOMPILE_PREFIX_HEADER = YES;
				GCC_PREFIX_HEADER = "WI2/WI2-Prefix.pch";
				INFOPLIST_FILE = "WI2/WI2-Info.plist";
				PRODUCT_NAME = "$(TARGET_NAME)";
				WRAPPER_EXTENSION = app;
			};
			name = Debug;
		};
		9EDD37E715D0E683001E622D /* Release */ = {
			isa = XCBuildConfiguration;
			buildSettings = {
				GCC_PRECOMPILE_PREFIX_HEADER = YES;
				GCC_PREFIX_HEADER = "WI2/WI2-Prefix.pch";
				INFOPLIST_FILE = "WI2/WI2-Info.plist";
				PRODUCT_NAME = "$(TARGET_NAME)";
				WRAPPER_EXTENSION = app;
			};
			name = Release;
		};
/* End XCBuildConfiguration section */

/* Begin XCConfigurationList section */
		9EDD37BE15D0E683001E622D /* Build configuration list for PBXProject "WI2" */ = {
			isa = XCConfigurationList;
			buildConfigurations = (
				9EDD37E315D0E683001E622D /* Debug */,
				9EDD37E415D0E683001E622D /* Release */,
			);
			defaultConfigurationIsVisible = 0;
			defaultConfigurationName = Release;
		};
		9EDD37E515D0E683001E622D /* Build configuration list for PBXNativeTarget "WI2" */ = {
			isa = XCConfigurationList;
			buildConfigurations = (
				9EDD37E615D0E683001E622D /* Debug */,
				9EDD37E715D0E683001E622D /* Release */,
			);
			defaultConfigurationIsVisible = 0;
		};
/* End XCConfigurationList section */
	};
	rootObject = 9EDD37BB15D0E683001E622D /* Project object */;
}
